
Microsoft Visual Studio Solution File, Format Version 12.00
# Visual Studio Version 17
VisualStudioVersion = 17.8.34322.80
MinimumVisualStudioVersion = 10.0.40219.1
Project("{FAE04EC0-301F-11D3-BF4B-00C04F79EFBC}") = "Personal Library", "Personal Library\Personal Library.csproj", "{3C037643-3296-498D-8504-BBF5B31E0C95}"
EndProject
Global
	GlobalSection(SolutionConfigurationPlatforms) = preSolution
		Debug|Any CPU = Debug|Any CPU
		Release|Any CPU = Release|Any CPU
	EndGlobalSection
	GlobalSection(ProjectConfigurationPlatforms) = postSolution
		{3C037643-3296-498D-8504-BBF5B31E0C95}.Debug|Any CPU.ActiveCfg = Debug|Any CPU
		{3C037643-3296-498D-8504-BBF5B31E0C95}.Debug|Any CPU.Build.0 = Debug|Any CPU
		{3C037643-3296-498D-8504-BBF5B31E0C95}.Release|Any CPU.ActiveCfg = Release|Any CPU
		{3C037643-3296-498D-8504-BBF5B31E0C95}.Release|Any CPU.Build.0 = Release|Any CPU
	EndGlobalSection
	GlobalSection(SolutionProperties) = preSolution
		HideSolutionNode = FALSE
	EndGlobalSection
	GlobalSection(ExtensibilityGlobals) = postSolution
		SolutionGuid = {586A34CE-1E53-4CE2-A909-7465E87658F4}
	EndGlobalSection
EndGlobal
